
Microsoft Visual Studio Solution File, Format Version 12.00
# Visual Studio Version 17
VisualStudioVersion = 17.0.31903.59
MinimumVisualStudioVersion = 10.0.40219.1
Project("{2150E333-8FDC-42A3-9474-1A3956D46DE8}") = "src", "src", "{1D54A0C9-DD5C-46FA-B3EE-69E8187A8AFD}"
EndProject
Project("{FAE04EC0-301F-11D3-BF4B-00C04F79EFBC}") = "Tasks.Application", "src\Tasks.Application\Tasks.Application.csproj", "{FFF10009-3C5B-4F96-86DC-A46BEAA046B5}"
EndProject
Project("{FAE04EC0-301F-11D3-BF4B-00C04F79EFBC}") = "Tasks.Domain", "src\Tasks.Domain\Tasks.Domain.csproj", "{680FC834-0EDB-4A75-9111-87C9BEDC00A3}"
EndProject
Project("{FAE04EC0-301F-11D3-BF4B-00C04F79EFBC}") = "Tasks.Infrastructure", "src\Tasks.Infrastructure\Tasks.Infrastructure.csproj", "{2EF834D7-0D80-4349-9F76-96595CBD1FB3}"
EndProject
Project("{FAE04EC0-301F-11D3-BF4B-00C04F79EFBC}") = "Tasks.Api", "src\Tasks.Api\Tasks.Api.csproj", "{E686819E-AD83-4F5C-9A0E-9DA5B6EB431F}"
EndProject
Project("{2150E333-8FDC-42A3-9474-1A3956D46DE8}") = "tests", "tests", "{CC0EDE1B-A85E-468D-943D-5D7631ED6A26}"
EndProject
Project("{FAE04EC0-301F-11D3-BF4B-00C04F79EFBC}") = "Tasks.UnitTests", "tests\UnitTests\Tasks.UnitTests.csproj", "{0A0762C1-4B06-4B36-9BBE-E8BD4AAACD76}"
EndProject
Global
	GlobalSection(SolutionConfigurationPlatforms) = preSolution
		Debug|Any CPU = Debug|Any CPU
		Release|Any CPU = Release|Any CPU
	EndGlobalSection
	GlobalSection(SolutionProperties) = preSolution
		HideSolutionNode = FALSE
	EndGlobalSection
	GlobalSection(ProjectConfigurationPlatforms) = postSolution
		{FFF10009-3C5B-4F96-86DC-A46BEAA046B5}.Debug|Any CPU.ActiveCfg = Debug|Any CPU
		{FFF10009-3C5B-4F96-86DC-A46BEAA046B5}.Debug|Any CPU.Build.0 = Debug|Any CPU
		{FFF10009-3C5B-4F96-86DC-A46BEAA046B5}.Release|Any CPU.ActiveCfg = Release|Any CPU
		{FFF10009-3C5B-4F96-86DC-A46BEAA046B5}.Release|Any CPU.Build.0 = Release|Any CPU
		{680FC834-0EDB-4A75-9111-87C9BEDC00A3}.Debug|Any CPU.ActiveCfg = Debug|Any CPU
		{680FC834-0EDB-4A75-9111-87C9BEDC00A3}.Debug|Any CPU.Build.0 = Debug|Any CPU
		{680FC834-0EDB-4A75-9111-87C9BEDC00A3}.Release|Any CPU.ActiveCfg = Release|Any CPU
		{680FC834-0EDB-4A75-9111-87C9BEDC00A3}.Release|Any CPU.Build.0 = Release|Any CPU
		{2EF834D7-0D80-4349-9F76-96595CBD1FB3}.Debug|Any CPU.ActiveCfg = Debug|Any CPU
		{2EF834D7-0D80-4349-9F76-96595CBD1FB3}.Debug|Any CPU.Build.0 = Debug|Any CPU
		{2EF834D7-0D80-4349-9F76-96595CBD1FB3}.Release|Any CPU.ActiveCfg = Release|Any CPU
		{2EF834D7-0D80-4349-9F76-96595CBD1FB3}.Release|Any CPU.Build.0 = Release|Any CPU
		{E686819E-AD83-4F5C-9A0E-9DA5B6EB431F}.Debug|Any CPU.ActiveCfg = Debug|Any CPU
		{E686819E-AD83-4F5C-9A0E-9DA5B6EB431F}.Debug|Any CPU.Build.0 = Debug|Any CPU
		{E686819E-AD83-4F5C-9A0E-9DA5B6EB431F}.Release|Any CPU.ActiveCfg = Release|Any CPU
		{E686819E-AD83-4F5C-9A0E-9DA5B6EB431F}.Release|Any CPU.Build.0 = Release|Any CPU
		{0A0762C1-4B06-4B36-9BBE-E8BD4AAACD76}.Debug|Any CPU.ActiveCfg = Debug|Any CPU
		{0A0762C1-4B06-4B36-9BBE-E8BD4AAACD76}.Debug|Any CPU.Build.0 = Debug|Any CPU
		{0A0762C1-4B06-4B36-9BBE-E8BD4AAACD76}.Release|Any CPU.ActiveCfg = Release|Any CPU
		{0A0762C1-4B06-4B36-9BBE-E8BD4AAACD76}.Release|Any CPU.Build.0 = Release|Any CPU
	EndGlobalSection
	GlobalSection(NestedProjects) = preSolution
		{FFF10009-3C5B-4F96-86DC-A46BEAA046B5} = {1D54A0C9-DD5C-46FA-B3EE-69E8187A8AFD}
		{680FC834-0EDB-4A75-9111-87C9BEDC00A3} = {1D54A0C9-DD5C-46FA-B3EE-69E8187A8AFD}
		{2EF834D7-0D80-4349-9F76-96595CBD1FB3} = {1D54A0C9-DD5C-46FA-B3EE-69E8187A8AFD}
		{E686819E-AD83-4F5C-9A0E-9DA5B6EB431F} = {1D54A0C9-DD5C-46FA-B3EE-69E8187A8AFD}
		{0A0762C1-4B06-4B36-9BBE-E8BD4AAACD76} = {CC0EDE1B-A85E-468D-943D-5D7631ED6A26}
	EndGlobalSection
EndGlobal
